
Microsoft Visual Studio Solution File, Format Version 12.00
# Visual Studio Version 16
VisualStudioVersion = 16.0.33529.622
MinimumVisualStudioVersion = 10.0.40219.1
Project("{FAE04EC0-301F-11D3-BF4B-00C04F79EFBC}") = "Adeleparcialejercicio1", "Adeleparcialejercicio1\Adeleparcialejercicio1.csproj", "{53D38F1F-D64F-4867-94C2-11E2432D9142}"
EndProject
Global
	GlobalSection(SolutionConfigurationPlatforms) = preSolution
		Debug|Any CPU = Debug|Any CPU
		Release|Any CPU = Release|Any CPU
	EndGlobalSection
	GlobalSection(ProjectConfigurationPlatforms) = postSolution
		{53D38F1F-D64F-4867-94C2-11E2432D9142}.Debug|Any CPU.ActiveCfg = Debug|Any CPU
		{53D38F1F-D64F-4867-94C2-11E2432D9142}.Debug|Any CPU.Build.0 = Debug|Any CPU
		{53D38F1F-D64F-4867-94C2-11E2432D9142}.Release|Any CPU.ActiveCfg = Release|Any CPU
		{53D38F1F-D64F-4867-94C2-11E2432D9142}.Release|Any CPU.Build.0 = Release|Any CPU
	EndGlobalSection
	GlobalSection(SolutionProperties) = preSolution
		HideSolutionNode = FALSE
	EndGlobalSection
	GlobalSection(ExtensibilityGlobals) = postSolution
		SolutionGuid = {D233D25D-A908-47DD-A617-FE1457CBE529}
	EndGlobalSection
EndGlobal
